<?xml version="1.0" encoding="utf-8"?>
<Project ToolsVersion="4.0" xmlns="http://schemas.microsoft.com/developer/msbuild/2003">
  <ItemGroup>
    <Filter Include="BigChunk">
      <UniqueIdentifier>{70E189EC-5CAE-E4F7-85C7-D29F71F31986}</UniqueIdentifier>
    </Filter>
  </ItemGroup>
  <ItemGroup>
    <ClInclude Include="src\BigChunk.h" />
    <ClInclude Include="src\BigChunk\Application.h">
      <Filter>BigChunk</Filter>
    </ClInclude>
    <ClInclude Include="src\BigChunk\Core.h">
      <Filter>BigChunk</Filter>
    </ClInclude>
    <ClInclude Include="src\BigChunk\EntryPoint.h">
      <Filter>BigChunk</Filter>
    </ClInclude>
    <ClInclude Include="src\BigChunk\Log.h">
      <Filter>BigChunk</Filter>
    </ClInclude>
  </ItemGroup>
  <ItemGroup>
    <ClCompile Include="src\BigChunk\Application.cpp">
      <Filter>BigChunk</Filter>
    </ClCompile>
    <ClCompile Include="src\BigChunk\Log.cpp">
      <Filter>BigChunk</Filter>
    </ClCompile>
  </ItemGroup>
</Project>