
Microsoft Visual Studio Solution File, Format Version 12.00
# Visual Studio Version 17
VisualStudioVersion = 17.2.32526.322
MinimumVisualStudioVersion = 10.0.40219.1
Project("{8BC9CEB8-8B4A-11D0-8D11-00A0C91BC942}") = "Sandbox", "Sandbox\Sandbox.vcxproj", "{C971DE34-0BFE-4A26-8E0E-84AAD4880323}"
EndProject
Project("{8BC9CEB8-8B4A-11D0-8D11-00A0C91BC942}") = "BigChunk", "BigChunk\BigChunk.vcxproj", "{F5DDC3A4-2D0B-4999-9785-5FEB5077B2E2}"
EndProject
Global
	GlobalSection(SolutionConfigurationPlatforms) = preSolution
		Debug|x64 = Debug|x64
		Release|x64 = Release|x64
	EndGlobalSection
	GlobalSection(ProjectConfigurationPlatforms) = postSolution
		{F5DDC3A4-2D0B-4999-9785-5FEB5077B2E2}.Debug|x64.ActiveCfg = Debug|x64
		{F5DDC3A4-2D0B-4999-9785-5FEB5077B2E2}.Debug|x64.Build.0 = Debug|x64
		{F5DDC3A4-2D0B-4999-9785-5FEB5077B2E2}.Release|x64.ActiveCfg = Release|x64
		{F5DDC3A4-2D0B-4999-9785-5FEB5077B2E2}.Release|x64.Build.0 = Release|x64
		{C971DE34-0BFE-4A26-8E0E-84AAD4880323}.Debug|x64.ActiveCfg = Debug|x64
		{C971DE34-0BFE-4A26-8E0E-84AAD4880323}.Debug|x64.Build.0 = Debug|x64
		{C971DE34-0BFE-4A26-8E0E-84AAD4880323}.Release|x64.ActiveCfg = Release|x64
		{C971DE34-0BFE-4A26-8E0E-84AAD4880323}.Release|x64.Build.0 = Release|x64
	EndGlobalSection
	GlobalSection(SolutionProperties) = preSolution
		HideSolutionNode = FALSE
	EndGlobalSection
	GlobalSection(ExtensibilityGlobals) = postSolution
		SolutionGuid = {DD20D27B-8766-4643-B059-5CCECF1420C8}
	EndGlobalSection
EndGlobal
